// !$*UTF8*$!
{
	archiveVersion = 1;
	classes = {
	};
	objectVersion = 63;
	objects = {

/* Begin PBXBuildFile section */
		1A54456F3EA49FE3D556BD70 /* MMMDKitiOSDemoApp.swift in Sources */ = {isa = PBXBuildFile; fileRef = 07842C048E0455128B178D84 /* MMMDKitiOSDemoApp.swift */; };
		24F1A0010000000000000001 /* MMMDCore in Frameworks */ = {isa = PBXBuildFile; productRef = 24F1B0010000000000000001 /* MMMDCore */; };
		24F1A0010000000000000002 /* MMMDParserCmark in Frameworks */ = {isa = PBXBuildFile; productRef = 24F1B0010000000000000002 /* MMMDParserCmark */; };
		24F1A0010000000000000003 /* MMMDStreaming in Frameworks */ = {isa = PBXBuildFile; productRef = 24F1B0010000000000000003 /* MMMDStreaming */; };
		24F1A0010000000000000004 /* MMMDHighlighter in Frameworks */ = {isa = PBXBuildFile; productRef = 24F1B0010000000000000004 /* MMMDHighlighter */; };
		24F1A0010000000000000005 /* MMMDUIKit in Frameworks */ = {isa = PBXBuildFile; productRef = 24F1B0010000000000000005 /* MMMDUIKit */; };
		783712FE4890071A4BD53A0D /* DemoMarkdownSamples.swift in Sources */ = {isa = PBXBuildFile; fileRef = E1AD0324D9E8C293585E6811 /* DemoMarkdownSamples.swift */; };
/* End PBXBuildFile section */

/* Begin PBXFileReference section */
		07842C048E0455128B178D84 /* MMMDKitiOSDemoApp.swift */ = {isa = PBXFileReference; lastKnownFileType = sourcecode.swift; path = MMMDKitiOSDemoApp.swift; sourceTree = "<group>"; };
		92CCCFC42CCDD40FB0F0E885 /* MMMDKitiOSDemo.app */ = {isa = PBXFileReference; explicitFileType = wrapper.application; includeInIndex = 0; path = MMMDKitiOSDemo.app; sourceTree = BUILT_PRODUCTS_DIR; };
		E1AD0324D9E8C293585E6811 /* DemoMarkdownSamples.swift */ = {isa = PBXFileReference; lastKnownFileType = sourcecode.swift; path = DemoMarkdownSamples.swift; sourceTree = "<group>"; };
/* End PBXFileReference section */

/* Begin PBXFrameworksBuildPhase section */
		DE55B4CAB563FA2B6DD42032 /* Frameworks */ = {
			isa = PBXFrameworksBuildPhase;
			buildActionMask = 2147483647;
			files = (
				24F1A0010000000000000001 /* MMMDCore in Frameworks */,
				24F1A0010000000000000002 /* MMMDParserCmark in Frameworks */,
				24F1A0010000000000000003 /* MMMDStreaming in Frameworks */,
				24F1A0010000000000000004 /* MMMDHighlighter in Frameworks */,
				24F1A0010000000000000005 /* MMMDUIKit in Frameworks */,
			);
			runOnlyForDeploymentPostprocessing = 0;
		};
/* End PBXFrameworksBuildPhase section */

/* Begin PBXGroup section */
		132FCE88E273172531695FCD /* Shared */ = {
			isa = PBXGroup;
			children = (
				E1AD0324D9E8C293585E6811 /* DemoMarkdownSamples.swift */,
			);
			name = Shared;
			path = ../Shared;
			sourceTree = "<group>";
		};
		6911F234BDE4617262F7650E /* Products */ = {
			isa = PBXGroup;
			children = (
				92CCCFC42CCDD40FB0F0E885 /* MMMDKitiOSDemo.app */,
			);
			name = Products;
			sourceTree = "<group>";
		};
		86F1AA1E1D07B3C8F0D2D1C4 = {
			isa = PBXGroup;
			children = (
				07842C048E0455128B178D84 /* MMMDKitiOSDemoApp.swift */,
				132FCE88E273172531695FCD /* Shared */,
				6911F234BDE4617262F7650E /* Products */,
				AEC8B0EA7ADC658521D140DC /* Frameworks */,
			);
			sourceTree = "<group>";
		};
		AEC8B0EA7ADC658521D140DC /* Frameworks */ = {
			isa = PBXGroup;
			children = (
			);
			name = Frameworks;
			sourceTree = "<group>";
		};
/* End PBXGroup section */

/* Begin PBXNativeTarget section */
		97EB8881D85E13DFDC98A591 /* MMMDKitiOSDemo */ = {
			isa = PBXNativeTarget;
			buildConfigurationList = C7AD64AF288FAED7569C82CE /* Build configuration list for PBXNativeTarget "MMMDKitiOSDemo" */;
			buildPhases = (
				479F9CC806D29AB579E4BB6E /* Sources */,
				DE55B4CAB563FA2B6DD42032 /* Frameworks */,
			);
			buildRules = (
			);
			dependencies = (
			);
			name = MMMDKitiOSDemo;
			packageProductDependencies = (
				24F1B0010000000000000001 /* MMMDCore */,
				24F1B0010000000000000002 /* MMMDParserCmark */,
				24F1B0010000000000000003 /* MMMDStreaming */,
				24F1B0010000000000000004 /* MMMDHighlighter */,
				24F1B0010000000000000005 /* MMMDUIKit */,
			);
			productName = MMMDKitiOSDemo;
			productReference = 92CCCFC42CCDD40FB0F0E885 /* MMMDKitiOSDemo.app */;
			productType = "com.apple.product-type.application";
		};
/* End PBXNativeTarget section */

/* Begin PBXProject section */
		6E0A40A4BBA56058B58320DB /* Project object */ = {
			isa = PBXProject;
			attributes = {
				BuildIndependentTargetsInParallel = YES;
				LastUpgradeCheck = 1430;
			};
			buildConfigurationList = B8A802B8F476F86C5700AF5B /* Build configuration list for PBXProject "MMMDKitiOSDemo" */;
			compatibilityVersion = "Xcode 14.0";
			developmentRegion = en;
			hasScannedForEncodings = 0;
			knownRegions = (
				Base,
				en,
			);
			mainGroup = 86F1AA1E1D07B3C8F0D2D1C4;
			minimizedProjectReferenceProxies = 1;
			packageReferences = (
				24F1C0010000000000000001 /* XCLocalSwiftPackageReference "../../MMMDKit" */,
			);
			productRefGroup = 6911F234BDE4617262F7650E /* Products */;
			projectDirPath = "";
			projectRoot = "";
			targets = (
				97EB8881D85E13DFDC98A591 /* MMMDKitiOSDemo */,
			);
		};
/* End PBXProject section */

/* Begin PBXSourcesBuildPhase section */
		479F9CC806D29AB579E4BB6E /* Sources */ = {
			isa = PBXSourcesBuildPhase;
			buildActionMask = 2147483647;
			files = (
				783712FE4890071A4BD53A0D /* DemoMarkdownSamples.swift in Sources */,
				1A54456F3EA49FE3D556BD70 /* MMMDKitiOSDemoApp.swift in Sources */,
			);
			runOnlyForDeploymentPostprocessing = 0;
		};
/* End PBXSourcesBuildPhase section */

/* Begin XCBuildConfiguration section */
		667BD702D6837BCD8DB97AA8 /* Debug */ = {
			isa = XCBuildConfiguration;
			buildSettings = {
				ALWAYS_SEARCH_USER_PATHS = NO;
				CLANG_ANALYZER_NONNULL = YES;
				CLANG_ANALYZER_NUMBER_OBJECT_CONVERSION = YES_AGGRESSIVE;
				CLANG_CXX_LANGUAGE_STANDARD = "gnu++14";
				CLANG_CXX_LIBRARY = "libc++";
				CLANG_ENABLE_MODULES = YES;
				CLANG_ENABLE_OBJC_ARC = YES;
				CLANG_ENABLE_OBJC_WEAK = YES;
				CLANG_WARN_BLOCK_CAPTURE_AUTORELEASING = YES;
				CLANG_WARN_BOOL_CONVERSION = YES;
				CLANG_WARN_COMMA = YES;
				CLANG_WARN_CONSTANT_CONVERSION = YES;
				CLANG_WARN_DEPRECATED_OBJC_IMPLEMENTATIONS = YES;
				CLANG_WARN_DIRECT_OBJC_ISA_USAGE = YES_ERROR;
				CLANG_WARN_DOCUMENTATION_COMMENTS = YES;
				CLANG_WARN_EMPTY_BODY = YES;
				CLANG_WARN_ENUM_CONVERSION = YES;
				CLANG_WARN_INFINITE_RECURSION = YES;
				CLANG_WARN_INT_CONVERSION = YES;
				CLANG_WARN_NON_LITERAL_NULL_CONVERSION = YES;
				CLANG_WARN_OBJC_IMPLICIT_RETAIN_SELF = YES;
				CLANG_WARN_OBJC_LITERAL_CONVERSION = YES;
				CLANG_WARN_OBJC_ROOT_CLASS = YES_ERROR;
				CLANG_WARN_QUOTED_INCLUDE_IN_FRAMEWORK_HEADER = YES;
				CLANG_WARN_RANGE_LOOP_ANALYSIS = YES;
				CLANG_WARN_STRICT_PROTOTYPES = YES;
				CLANG_WARN_SUSPICIOUS_MOVE = YES;
				CLANG_WARN_UNGUARDED_AVAILABILITY = YES_AGGRESSIVE;
				CLANG_WARN_UNREACHABLE_CODE = YES;
				CLANG_WARN__DUPLICATE_METHOD_MATCH = YES;
				COPY_PHASE_STRIP = NO;
				DEBUG_INFORMATION_FORMAT = dwarf;
				DEVELOPMENT_TEAM = "";
				ENABLE_STRICT_OBJC_MSGSEND = YES;
				ENABLE_TESTABILITY = YES;
				GCC_C_LANGUAGE_STANDARD = gnu11;
				GCC_DYNAMIC_NO_PIC = NO;
				GCC_NO_COMMON_BLOCKS = YES;
				GCC_OPTIMIZATION_LEVEL = 0;
				GCC_PREPROCESSOR_DEFINITIONS = (
					"$(inherited)",
					"DEBUG=1",
				);
				GCC_WARN_64_TO_32_BIT_CONVERSION = YES;
				GCC_WARN_ABOUT_RETURN_TYPE = YES_ERROR;
				GCC_WARN_UNDECLARED_SELECTOR = YES;
				GCC_WARN_UNINITIALIZED_AUTOS = YES_AGGRESSIVE;
				GCC_WARN_UNUSED_FUNCTION = YES;
				GCC_WARN_UNUSED_VARIABLE = YES;
				IPHONEOS_DEPLOYMENT_TARGET = 15.0;
				MTL_ENABLE_DEBUG_INFO = INCLUDE_SOURCE;
				MTL_FAST_MATH = YES;
				ONLY_ACTIVE_ARCH = YES;
				PRODUCT_NAME = "$(TARGET_NAME)";
				SDKROOT = iphoneos;
				SWIFT_ACTIVE_COMPILATION_CONDITIONS = DEBUG;
				SWIFT_OPTIMIZATION_LEVEL = "-Onone";
				SWIFT_VERSION = 5.7;
			};
			name = Debug;
		};
		671513B1F7F0682BF1F12167 /* Release */ = {
			isa = XCBuildConfiguration;
			buildSettings = {
				ASSETCATALOG_COMPILER_APPICON_NAME = AppIcon;
				CODE_SIGN_IDENTITY = "iPhone Developer";
				DEVELOPMENT_TEAM = 5NU9S58W2U;
				INFOPLIST_FILE = Info.plist;
				IPHONEOS_DEPLOYMENT_TARGET = 15.0;
				LD_RUNPATH_SEARCH_PATHS = (
					"$(inherited)",
					"@executable_path/Frameworks",
				);
				PRODUCT_BUNDLE_IDENTIFIER = com.mmmdkit.demo.ios;
				SDKROOT = iphoneos;
				TARGETED_DEVICE_FAMILY = "1,2";
			};
			name = Release;
		};
		BDD1EC84323802865CA50BFB /* Release */ = {
			isa = XCBuildConfiguration;
			buildSettings = {
				ALWAYS_SEARCH_USER_PATHS = NO;
				CLANG_ANALYZER_NONNULL = YES;
				CLANG_ANALYZER_NUMBER_OBJECT_CONVERSION = YES_AGGRESSIVE;
				CLANG_CXX_LANGUAGE_STANDARD = "gnu++14";
				CLANG_CXX_LIBRARY = "libc++";
				CLANG_ENABLE_MODULES = YES;
				CLANG_ENABLE_OBJC_ARC = YES;
				CLANG_ENABLE_OBJC_WEAK = YES;
				CLANG_WARN_BLOCK_CAPTURE_AUTORELEASING = YES;
				CLANG_WARN_BOOL_CONVERSION = YES;
				CLANG_WARN_COMMA = YES;
				CLANG_WARN_CONSTANT_CONVERSION = YES;
				CLANG_WARN_DEPRECATED_OBJC_IMPLEMENTATIONS = YES;
				CLANG_WARN_DIRECT_OBJC_ISA_USAGE = YES_ERROR;
				CLANG_WARN_DOCUMENTATION_COMMENTS = YES;
				CLANG_WARN_EMPTY_BODY = YES;
				CLANG_WARN_ENUM_CONVERSION = YES;
				CLANG_WARN_INFINITE_RECURSION = YES;
				CLANG_WARN_INT_CONVERSION = YES;
				CLANG_WARN_NON_LITERAL_NULL_CONVERSION = YES;
				CLANG_WARN_OBJC_IMPLICIT_RETAIN_SELF = YES;
				CLANG_WARN_OBJC_LITERAL_CONVERSION = YES;
				CLANG_WARN_OBJC_ROOT_CLASS = YES_ERROR;
				CLANG_WARN_QUOTED_INCLUDE_IN_FRAMEWORK_HEADER = YES;
				CLANG_WARN_RANGE_LOOP_ANALYSIS = YES;
				CLANG_WARN_STRICT_PROTOTYPES = YES;
				CLANG_WARN_SUSPICIOUS_MOVE = YES;
				CLANG_WARN_UNGUARDED_AVAILABILITY = YES_AGGRESSIVE;
				CLANG_WARN_UNREACHABLE_CODE = YES;
				CLANG_WARN__DUPLICATE_METHOD_MATCH = YES;
				COPY_PHASE_STRIP = NO;
				DEBUG_INFORMATION_FORMAT = "dwarf-with-dsym";
				DEVELOPMENT_TEAM = "";
				ENABLE_NS_ASSERTIONS = NO;
				ENABLE_STRICT_OBJC_MSGSEND = YES;
				GCC_C_LANGUAGE_STANDARD = gnu11;
				GCC_NO_COMMON_BLOCKS = YES;
				GCC_WARN_64_TO_32_BIT_CONVERSION = YES;
				GCC_WARN_ABOUT_RETURN_TYPE = YES_ERROR;
				GCC_WARN_UNDECLARED_SELECTOR = YES;
				GCC_WARN_UNINITIALIZED_AUTOS = YES_AGGRESSIVE;
				GCC_WARN_UNUSED_FUNCTION = YES;
				GCC_WARN_UNUSED_VARIABLE = YES;
				IPHONEOS_DEPLOYMENT_TARGET = 15.0;
				MTL_ENABLE_DEBUG_INFO = NO;
				MTL_FAST_MATH = YES;
				PRODUCT_NAME = "$(TARGET_NAME)";
				SDKROOT = iphoneos;
				SWIFT_COMPILATION_MODE = wholemodule;
				SWIFT_OPTIMIZATION_LEVEL = "-O";
				SWIFT_VERSION = 5.7;
			};
			name = Release;
		};
		DA9752EDD8451898923F1C2A /* Debug */ = {
			isa = XCBuildConfiguration;
			buildSettings = {
				ASSETCATALOG_COMPILER_APPICON_NAME = AppIcon;
				CODE_SIGN_IDENTITY = "iPhone Developer";
				DEVELOPMENT_TEAM = 5NU9S58W2U;
				INFOPLIST_FILE = Info.plist;
				IPHONEOS_DEPLOYMENT_TARGET = 15.0;
				LD_RUNPATH_SEARCH_PATHS = (
					"$(inherited)",
					"@executable_path/Frameworks",
				);
				PRODUCT_BUNDLE_IDENTIFIER = com.mmmdkit.demo.ios;
				SDKROOT = iphoneos;
				TARGETED_DEVICE_FAMILY = "1,2";
			};
			name = Debug;
		};
/* End XCBuildConfiguration section */

/* Begin XCConfigurationList section */
		B8A802B8F476F86C5700AF5B /* Build configuration list for PBXProject "MMMDKitiOSDemo" */ = {
			isa = XCConfigurationList;
			buildConfigurations = (
				667BD702D6837BCD8DB97AA8 /* Debug */,
				BDD1EC84323802865CA50BFB /* Release */,
			);
			defaultConfigurationIsVisible = 0;
			defaultConfigurationName = Debug;
		};
		C7AD64AF288FAED7569C82CE /* Build configuration list for PBXNativeTarget "MMMDKitiOSDemo" */ = {
			isa = XCConfigurationList;
			buildConfigurations = (
				DA9752EDD8451898923F1C2A /* Debug */,
				671513B1F7F0682BF1F12167 /* Release */,
			);
			defaultConfigurationIsVisible = 0;
			defaultConfigurationName = Debug;
		};
/* End XCConfigurationList section */
/* Begin XCLocalSwiftPackageReference section */
		24F1C0010000000000000001 /* XCLocalSwiftPackageReference "../../MMMDKit" */ = {
			isa = XCLocalSwiftPackageReference;
			relativePath = ../../MMMDKit;
		};
/* End XCLocalSwiftPackageReference section */

/* Begin XCSwiftPackageProductDependency section */
		24F1B0010000000000000001 /* MMMDCore */ = {
			isa = XCSwiftPackageProductDependency;
			package = 24F1C0010000000000000001 /* XCLocalSwiftPackageReference "../../MMMDKit" */;
			productName = MMMDCore;
		};
		24F1B0010000000000000002 /* MMMDParserCmark */ = {
			isa = XCSwiftPackageProductDependency;
			package = 24F1C0010000000000000001 /* XCLocalSwiftPackageReference "../../MMMDKit" */;
			productName = MMMDParserCmark;
		};
		24F1B0010000000000000003 /* MMMDStreaming */ = {
			isa = XCSwiftPackageProductDependency;
			package = 24F1C0010000000000000001 /* XCLocalSwiftPackageReference "../../MMMDKit" */;
			productName = MMMDStreaming;
		};
		24F1B0010000000000000004 /* MMMDHighlighter */ = {
			isa = XCSwiftPackageProductDependency;
			package = 24F1C0010000000000000001 /* XCLocalSwiftPackageReference "../../MMMDKit" */;
			productName = MMMDHighlighter;
		};
		24F1B0010000000000000005 /* MMMDUIKit */ = {
			isa = XCSwiftPackageProductDependency;
			package = 24F1C0010000000000000001 /* XCLocalSwiftPackageReference "../../MMMDKit" */;
			productName = MMMDUIKit;
		};
/* End XCSwiftPackageProductDependency section */
	};
	rootObject = 6E0A40A4BBA56058B58320DB /* Project object */;
}
