PODS:
  - MMMDCore (0.1.0)
  - MMMDHighlighter (0.1.0):
    - MMMDCore
  - MMMDHTML (0.1.0):
    - MMMDCore
  - MMMDMath (0.1.0):
    - MMMDCore
  - MMMDParserCmark (0.1.0):
    - MMMDCore
  - MMMDStreaming (0.1.0):
    - MMMDCore
  - MMMDUIKit (0.1.0):
    - MMMDCore
    - MMMDHighlighter
    - MMMDHTML
    - MMMDMath

DEPENDENCIES:
  - MMMDCore (from `../..`)
  - MMMDHighlighter (from `../..`)
  - MMMDHTML (from `../..`)
  - MMMDMath (from `../..`)
  - MMMDParserCmark (from `../..`)
  - MMMDStreaming (from `../..`)
  - MMMDUIKit (from `../..`)

EXTERNAL SOURCES:
  MMMDCore:
    :path: "../.."
  MMMDHighlighter:
    :path: "../.."
  MMMDHTML:
    :path: "../.."
  MMMDMath:
    :path: "../.."
  MMMDParserCmark:
    :path: "../.."
  MMMDStreaming:
    :path: "../.."
  MMMDUIKit:
    :path: "../.."

SPEC CHECKSUMS:
  MMMDCore: fb8fec5f9308ff75af2f4140869e443da5eb497b
  MMMDHighlighter: 2f6d904e09369eb2d75b0f63caa740d1832ca3f4
  MMMDHTML: 76a66e440f890f3c23e5f8eb70a8dd5818bfadf9
  MMMDMath: dad044ffe53fa31c332f36d2396522889b5e2ded
  MMMDParserCmark: ae3a651ad759c2b5d2e6b8142e8e0158abfce653
  MMMDStreaming: 1231468827db22037a3e8752ef6f0f350c1a2123
  MMMDUIKit: 24705bdde7cb51b648a32ba5910890e417f7f842

PODFILE CHECKSUM: e79200494d3996dc0604cd5d98180b25ef111459

COCOAPODS: 1.16.2
